
Microsoft Visual Studio Solution File, Format Version 12.00
# Visual Studio Version 17
VisualStudioVersion = 17.0.31903.59
MinimumVisualStudioVersion = 10.0.40219.1
Project("{2150E333-8FDC-42A3-9474-1A3956D46DE8}") = "src", "src", "{827E0CD3-B72D-47B6-A68D-7590B98EB39B}"
EndProject
Project("{FAE04EC0-301F-11D3-BF4B-00C04F79EFBC}") = "Hechao.Launcher", "src\Hechao.Launcher\Hechao.Launcher.csproj", "{C0837DBE-161E-4B60-9D92-946940D1EA46}"
EndProject
Project("{FAE04EC0-301F-11D3-BF4B-00C04F79EFBC}") = "Hechao.Contracts", "src\Hechao.Contracts\Hechao.Contracts.csproj", "{223721F5-1CB4-4B9B-89C0-C002ACE891EB}"
EndProject
Project("{FAE04EC0-301F-11D3-BF4B-00C04F79EFBC}") = "Hechao.Api", "src\Hechao.Api\Hechao.Api.csproj", "{8A3BC193-DBBB-4BB7-B3B2-A40B5D1B823E}"
EndProject
Project("{FAE04EC0-301F-11D3-BF4B-00C04F79EFBC}") = "Hechao.Distribution", "src\Hechao.Distribution\Hechao.Distribution.csproj", "{8511FD09-55B3-4BF3-92EB-AE27F5097A24}"
EndProject
Project("{FAE04EC0-301F-11D3-BF4B-00C04F79EFBC}") = "Hechao.Publisher", "src\Hechao.Publisher\Hechao.Publisher.csproj", "{BBCD588F-EA0C-489D-A58E-2183DAF0F567}"
EndProject
Project("{2150E333-8FDC-42A3-9474-1A3956D46DE8}") = "tests", "tests", "{0AB3BF05-4346-4AA6-1389-037BE0695223}"
EndProject
Project("{FAE04EC0-301F-11D3-BF4B-00C04F79EFBC}") = "Hechao.Distribution.Tests", "tests\Hechao.Distribution.Tests\Hechao.Distribution.Tests.csproj", "{6D160FE2-0519-4138-BFD5-5352D112709E}"
EndProject
Project("{FAE04EC0-301F-11D3-BF4B-00C04F79EFBC}") = "Hechao.Api.Tests", "tests\Hechao.Api.Tests\Hechao.Api.Tests.csproj", "{5305E8E5-10CC-49AB-9F46-8C8D7A1CF06F}"
EndProject
Project("{FAE04EC0-301F-11D3-BF4B-00C04F79EFBC}") = "Hechao.Launcher.Tests", "tests\Hechao.Launcher.Tests\Hechao.Launcher.Tests.csproj", "{91DFB544-866C-4010-B8B4-79D9655E7EA1}"
EndProject
Project("{FAE04EC0-301F-11D3-BF4B-00C04F79EFBC}") = "Hechao.Publisher.Tests", "tests\Hechao.Publisher.Tests\Hechao.Publisher.Tests.csproj", "{BA4803ED-4EFD-42DA-B1B7-EDAC4A7B2559}"
EndProject
Global
	GlobalSection(SolutionConfigurationPlatforms) = preSolution
		Debug|Any CPU = Debug|Any CPU
		Debug|x64 = Debug|x64
		Debug|x86 = Debug|x86
		Release|Any CPU = Release|Any CPU
		Release|x64 = Release|x64
		Release|x86 = Release|x86
	EndGlobalSection
	GlobalSection(ProjectConfigurationPlatforms) = postSolution
		{C0837DBE-161E-4B60-9D92-946940D1EA46}.Debug|Any CPU.ActiveCfg = Debug|Any CPU
		{C0837DBE-161E-4B60-9D92-946940D1EA46}.Debug|Any CPU.Build.0 = Debug|Any CPU
		{C0837DBE-161E-4B60-9D92-946940D1EA46}.Debug|x64.ActiveCfg = Debug|Any CPU
		{C0837DBE-161E-4B60-9D92-946940D1EA46}.Debug|x64.Build.0 = Debug|Any CPU
		{C0837DBE-161E-4B60-9D92-946940D1EA46}.Debug|x86.ActiveCfg = Debug|Any CPU
		{C0837DBE-161E-4B60-9D92-946940D1EA46}.Debug|x86.Build.0 = Debug|Any CPU
		{C0837DBE-161E-4B60-9D92-946940D1EA46}.Release|Any CPU.ActiveCfg = Release|Any CPU
		{C0837DBE-161E-4B60-9D92-946940D1EA46}.Release|Any CPU.Build.0 = Release|Any CPU
		{C0837DBE-161E-4B60-9D92-946940D1EA46}.Release|x64.ActiveCfg = Release|Any CPU
		{C0837DBE-161E-4B60-9D92-946940D1EA46}.Release|x64.Build.0 = Release|Any CPU
		{C0837DBE-161E-4B60-9D92-946940D1EA46}.Release|x86.ActiveCfg = Release|Any CPU
		{C0837DBE-161E-4B60-9D92-946940D1EA46}.Release|x86.Build.0 = Release|Any CPU
		{223721F5-1CB4-4B9B-89C0-C002ACE891EB}.Debug|Any CPU.ActiveCfg = Debug|Any CPU
		{223721F5-1CB4-4B9B-89C0-C002ACE891EB}.Debug|Any CPU.Build.0 = Debug|Any CPU
		{223721F5-1CB4-4B9B-89C0-C002ACE891EB}.Debug|x64.ActiveCfg = Debug|Any CPU
		{223721F5-1CB4-4B9B-89C0-C002ACE891EB}.Debug|x64.Build.0 = Debug|Any CPU
		{223721F5-1CB4-4B9B-89C0-C002ACE891EB}.Debug|x86.ActiveCfg = Debug|Any CPU
		{223721F5-1CB4-4B9B-89C0-C002ACE891EB}.Debug|x86.Build.0 = Debug|Any CPU
		{223721F5-1CB4-4B9B-89C0-C002ACE891EB}.Release|Any CPU.ActiveCfg = Release|Any CPU
		{223721F5-1CB4-4B9B-89C0-C002ACE891EB}.Release|Any CPU.Build.0 = Release|Any CPU
		{223721F5-1CB4-4B9B-89C0-C002ACE891EB}.Release|x64.ActiveCfg = Release|Any CPU
		{223721F5-1CB4-4B9B-89C0-C002ACE891EB}.Release|x64.Build.0 = Release|Any CPU
		{223721F5-1CB4-4B9B-89C0-C002ACE891EB}.Release|x86.ActiveCfg = Release|Any CPU
		{223721F5-1CB4-4B9B-89C0-C002ACE891EB}.Release|x86.Build.0 = Release|Any CPU
		{8A3BC193-DBBB-4BB7-B3B2-A40B5D1B823E}.Debug|Any CPU.ActiveCfg = Debug|Any CPU
		{8A3BC193-DBBB-4BB7-B3B2-A40B5D1B823E}.Debug|Any CPU.Build.0 = Debug|Any CPU
		{8A3BC193-DBBB-4BB7-B3B2-A40B5D1B823E}.Debug|x64.ActiveCfg = Debug|Any CPU
		{8A3BC193-DBBB-4BB7-B3B2-A40B5D1B823E}.Debug|x64.Build.0 = Debug|Any CPU
		{8A3BC193-DBBB-4BB7-B3B2-A40B5D1B823E}.Debug|x86.ActiveCfg = Debug|Any CPU
		{8A3BC193-DBBB-4BB7-B3B2-A40B5D1B823E}.Debug|x86.Build.0 = Debug|Any CPU
		{8A3BC193-DBBB-4BB7-B3B2-A40B5D1B823E}.Release|Any CPU.ActiveCfg = Release|Any CPU
		{8A3BC193-DBBB-4BB7-B3B2-A40B5D1B823E}.Release|Any CPU.Build.0 = Release|Any CPU
		{8A3BC193-DBBB-4BB7-B3B2-A40B5D1B823E}.Release|x64.ActiveCfg = Release|Any CPU
		{8A3BC193-DBBB-4BB7-B3B2-A40B5D1B823E}.Release|x64.Build.0 = Release|Any CPU
		{8A3BC193-DBBB-4BB7-B3B2-A40B5D1B823E}.Release|x86.ActiveCfg = Release|Any CPU
		{8A3BC193-DBBB-4BB7-B3B2-A40B5D1B823E}.Release|x86.Build.0 = Release|Any CPU
		{8511FD09-55B3-4BF3-92EB-AE27F5097A24}.Debug|Any CPU.ActiveCfg = Debug|Any CPU
		{8511FD09-55B3-4BF3-92EB-AE27F5097A24}.Debug|Any CPU.Build.0 = Debug|Any CPU
		{8511FD09-55B3-4BF3-92EB-AE27F5097A24}.Debug|x64.ActiveCfg = Debug|Any CPU
		{8511FD09-55B3-4BF3-92EB-AE27F5097A24}.Debug|x64.Build.0 = Debug|Any CPU
		{8511FD09-55B3-4BF3-92EB-AE27F5097A24}.Debug|x86.ActiveCfg = Debug|Any CPU
		{8511FD09-55B3-4BF3-92EB-AE27F5097A24}.Debug|x86.Build.0 = Debug|Any CPU
		{8511FD09-55B3-4BF3-92EB-AE27F5097A24}.Release|Any CPU.ActiveCfg = Release|Any CPU
		{8511FD09-55B3-4BF3-92EB-AE27F5097A24}.Release|Any CPU.Build.0 = Release|Any CPU
		{8511FD09-55B3-4BF3-92EB-AE27F5097A24}.Release|x64.ActiveCfg = Release|Any CPU
		{8511FD09-55B3-4BF3-92EB-AE27F5097A24}.Release|x64.Build.0 = Release|Any CPU
		{8511FD09-55B3-4BF3-92EB-AE27F5097A24}.Release|x86.ActiveCfg = Release|Any CPU
		{8511FD09-55B3-4BF3-92EB-AE27F5097A24}.Release|x86.Build.0 = Release|Any CPU
		{BBCD588F-EA0C-489D-A58E-2183DAF0F567}.Debug|Any CPU.ActiveCfg = Debug|Any CPU
		{BBCD588F-EA0C-489D-A58E-2183DAF0F567}.Debug|Any CPU.Build.0 = Debug|Any CPU
		{BBCD588F-EA0C-489D-A58E-2183DAF0F567}.Debug|x64.ActiveCfg = Debug|Any CPU
		{BBCD588F-EA0C-489D-A58E-2183DAF0F567}.Debug|x64.Build.0 = Debug|Any CPU
		{BBCD588F-EA0C-489D-A58E-2183DAF0F567}.Debug|x86.ActiveCfg = Debug|Any CPU
		{BBCD588F-EA0C-489D-A58E-2183DAF0F567}.Debug|x86.Build.0 = Debug|Any CPU
		{BBCD588F-EA0C-489D-A58E-2183DAF0F567}.Release|Any CPU.ActiveCfg = Release|Any CPU
		{BBCD588F-EA0C-489D-A58E-2183DAF0F567}.Release|Any CPU.Build.0 = Release|Any CPU
		{BBCD588F-EA0C-489D-A58E-2183DAF0F567}.Release|x64.ActiveCfg = Release|Any CPU
		{BBCD588F-EA0C-489D-A58E-2183DAF0F567}.Release|x64.Build.0 = Release|Any CPU
		{BBCD588F-EA0C-489D-A58E-2183DAF0F567}.Release|x86.ActiveCfg = Release|Any CPU
		{BBCD588F-EA0C-489D-A58E-2183DAF0F567}.Release|x86.Build.0 = Release|Any CPU
		{6D160FE2-0519-4138-BFD5-5352D112709E}.Debug|Any CPU.ActiveCfg = Debug|Any CPU
		{6D160FE2-0519-4138-BFD5-5352D112709E}.Debug|Any CPU.Build.0 = Debug|Any CPU
		{6D160FE2-0519-4138-BFD5-5352D112709E}.Debug|x64.ActiveCfg = Debug|Any CPU
		{6D160FE2-0519-4138-BFD5-5352D112709E}.Debug|x64.Build.0 = Debug|Any CPU
		{6D160FE2-0519-4138-BFD5-5352D112709E}.Debug|x86.ActiveCfg = Debug|Any CPU
		{6D160FE2-0519-4138-BFD5-5352D112709E}.Debug|x86.Build.0 = Debug|Any CPU
		{6D160FE2-0519-4138-BFD5-5352D112709E}.Release|Any CPU.ActiveCfg = Release|Any CPU
		{6D160FE2-0519-4138-BFD5-5352D112709E}.Release|Any CPU.Build.0 = Release|Any CPU
		{6D160FE2-0519-4138-BFD5-5352D112709E}.Release|x64.ActiveCfg = Release|Any CPU
		{6D160FE2-0519-4138-BFD5-5352D112709E}.Release|x64.Build.0 = Release|Any CPU
		{6D160FE2-0519-4138-BFD5-5352D112709E}.Release|x86.ActiveCfg = Release|Any CPU
		{6D160FE2-0519-4138-BFD5-5352D112709E}.Release|x86.Build.0 = Release|Any CPU
		{5305E8E5-10CC-49AB-9F46-8C8D7A1CF06F}.Debug|Any CPU.ActiveCfg = Debug|Any CPU
		{5305E8E5-10CC-49AB-9F46-8C8D7A1CF06F}.Debug|Any CPU.Build.0 = Debug|Any CPU
		{5305E8E5-10CC-49AB-9F46-8C8D7A1CF06F}.Debug|x64.ActiveCfg = Debug|Any CPU
		{5305E8E5-10CC-49AB-9F46-8C8D7A1CF06F}.Debug|x64.Build.0 = Debug|Any CPU
		{5305E8E5-10CC-49AB-9F46-8C8D7A1CF06F}.Debug|x86.ActiveCfg = Debug|Any CPU
		{5305E8E5-10CC-49AB-9F46-8C8D7A1CF06F}.Debug|x86.Build.0 = Debug|Any CPU
		{5305E8E5-10CC-49AB-9F46-8C8D7A1CF06F}.Release|Any CPU.ActiveCfg = Release|Any CPU
		{5305E8E5-10CC-49AB-9F46-8C8D7A1CF06F}.Release|Any CPU.Build.0 = Release|Any CPU
		{5305E8E5-10CC-49AB-9F46-8C8D7A1CF06F}.Release|x64.ActiveCfg = Release|Any CPU
		{5305E8E5-10CC-49AB-9F46-8C8D7A1CF06F}.Release|x64.Build.0 = Release|Any CPU
		{5305E8E5-10CC-49AB-9F46-8C8D7A1CF06F}.Release|x86.ActiveCfg = Release|Any CPU
		{5305E8E5-10CC-49AB-9F46-8C8D7A1CF06F}.Release|x86.Build.0 = Release|Any CPU
		{91DFB544-866C-4010-B8B4-79D9655E7EA1}.Debug|Any CPU.ActiveCfg = Debug|Any CPU
		{91DFB544-866C-4010-B8B4-79D9655E7EA1}.Debug|Any CPU.Build.0 = Debug|Any CPU
		{91DFB544-866C-4010-B8B4-79D9655E7EA1}.Debug|x64.ActiveCfg = Debug|Any CPU
		{91DFB544-866C-4010-B8B4-79D9655E7EA1}.Debug|x64.Build.0 = Debug|Any CPU
		{91DFB544-866C-4010-B8B4-79D9655E7EA1}.Debug|x86.ActiveCfg = Debug|Any CPU
		{91DFB544-866C-4010-B8B4-79D9655E7EA1}.Debug|x86.Build.0 = Debug|Any CPU
		{91DFB544-866C-4010-B8B4-79D9655E7EA1}.Release|Any CPU.ActiveCfg = Release|Any CPU
		{91DFB544-866C-4010-B8B4-79D9655E7EA1}.Release|Any CPU.Build.0 = Release|Any CPU
		{91DFB544-866C-4010-B8B4-79D9655E7EA1}.Release|x64.ActiveCfg = Release|Any CPU
		{91DFB544-866C-4010-B8B4-79D9655E7EA1}.Release|x64.Build.0 = Release|Any CPU
		{91DFB544-866C-4010-B8B4-79D9655E7EA1}.Release|x86.ActiveCfg = Release|Any CPU
		{91DFB544-866C-4010-B8B4-79D9655E7EA1}.Release|x86.Build.0 = Release|Any CPU
		{BA4803ED-4EFD-42DA-B1B7-EDAC4A7B2559}.Debug|Any CPU.ActiveCfg = Debug|Any CPU
		{BA4803ED-4EFD-42DA-B1B7-EDAC4A7B2559}.Debug|Any CPU.Build.0 = Debug|Any CPU
		{BA4803ED-4EFD-42DA-B1B7-EDAC4A7B2559}.Debug|x64.ActiveCfg = Debug|Any CPU
		{BA4803ED-4EFD-42DA-B1B7-EDAC4A7B2559}.Debug|x64.Build.0 = Debug|Any CPU
		{BA4803ED-4EFD-42DA-B1B7-EDAC4A7B2559}.Debug|x86.ActiveCfg = Debug|Any CPU
		{BA4803ED-4EFD-42DA-B1B7-EDAC4A7B2559}.Debug|x86.Build.0 = Debug|Any CPU
		{BA4803ED-4EFD-42DA-B1B7-EDAC4A7B2559}.Release|Any CPU.ActiveCfg = Release|Any CPU
		{BA4803ED-4EFD-42DA-B1B7-EDAC4A7B2559}.Release|Any CPU.Build.0 = Release|Any CPU
		{BA4803ED-4EFD-42DA-B1B7-EDAC4A7B2559}.Release|x64.ActiveCfg = Release|Any CPU
		{BA4803ED-4EFD-42DA-B1B7-EDAC4A7B2559}.Release|x64.Build.0 = Release|Any CPU
		{BA4803ED-4EFD-42DA-B1B7-EDAC4A7B2559}.Release|x86.ActiveCfg = Release|Any CPU
		{BA4803ED-4EFD-42DA-B1B7-EDAC4A7B2559}.Release|x86.Build.0 = Release|Any CPU
	EndGlobalSection
	GlobalSection(SolutionProperties) = preSolution
		HideSolutionNode = FALSE
	EndGlobalSection
	GlobalSection(NestedProjects) = preSolution
		{C0837DBE-161E-4B60-9D92-946940D1EA46} = {827E0CD3-B72D-47B6-A68D-7590B98EB39B}
		{223721F5-1CB4-4B9B-89C0-C002ACE891EB} = {827E0CD3-B72D-47B6-A68D-7590B98EB39B}
		{8A3BC193-DBBB-4BB7-B3B2-A40B5D1B823E} = {827E0CD3-B72D-47B6-A68D-7590B98EB39B}
		{8511FD09-55B3-4BF3-92EB-AE27F5097A24} = {827E0CD3-B72D-47B6-A68D-7590B98EB39B}
		{BBCD588F-EA0C-489D-A58E-2183DAF0F567} = {827E0CD3-B72D-47B6-A68D-7590B98EB39B}
		{6D160FE2-0519-4138-BFD5-5352D112709E} = {0AB3BF05-4346-4AA6-1389-037BE0695223}
		{5305E8E5-10CC-49AB-9F46-8C8D7A1CF06F} = {0AB3BF05-4346-4AA6-1389-037BE0695223}
		{91DFB544-866C-4010-B8B4-79D9655E7EA1} = {0AB3BF05-4346-4AA6-1389-037BE0695223}
		{BA4803ED-4EFD-42DA-B1B7-EDAC4A7B2559} = {0AB3BF05-4346-4AA6-1389-037BE0695223}
	EndGlobalSection
EndGlobal
